Microsoft Visual Studio Solution File, Format Version 12.00
# Visual Studio Version 17
VisualStudioVersion = 17.5.2.0
MinimumVisualStudioVersion = 10.0.40219.1
Project("{FAE04EC0-301F-11D3-BF4B-00C04F79EFBC}") = "Shared.Infrastructure", "Shared.Infrastructure\Shared.Infrastructure.csproj", "{EFDB0562-F690-F8D0-FF3F-62757126FD2A}"
EndProject
Project("{FAE04EC0-301F-11D3-BF4B-00C04F79EFBC}") = "Shared.Authentication", "Shared.Authentication\Shared.Authentication.csproj", "{6825A638-7F0E-9B42-A384-17867744C3A0}"
EndProject
Project("{FAE04EC0-301F-11D3-BF4B-00C04F79EFBC}") = "Shared.Domain", "Shared.Domain\Shared.Domain.csproj", "{247A79B9-8E31-2DDA-B074-9B30E889D8B2}"
EndProject
Project("{FAE04EC0-301F-11D3-BF4B-00C04F79EFBC}") = "Shared.ServiceDefaults", "Shared.ServiceDefault\Shared.ServiceDefaults.csproj", "{1782ADD2-4600-D2BE-F558-AAF10988B26F}"
EndProject
Project("{FAE04EC0-301F-11D3-BF4B-00C04F79EFBC}") = "Shared.Logging", "Shared.Logging\Shared.Logging.csproj", "{95219393-3276-9EF9-B2A2-14D0D1377D54}"
EndProject
Project("{FAE04EC0-301F-11D3-BF4B-00C04F79EFBC}") = "Shared.Contracts", "Shared.Contracts\Shared.Contracts.csproj", "{E69AA93E-B470-48B7-B76F-DEE9FA1850E1}"
EndProject
Global
	GlobalSection(SolutionConfigurationPlatforms) = preSolution
		Debug|Any CPU = Debug|Any CPU
		Release|Any CPU = Release|Any CPU
	EndGlobalSection
	GlobalSection(ProjectConfigurationPlatforms) = postSolution
		{EFDB0562-F690-F8D0-FF3F-62757126FD2A}.Debug|Any CPU.ActiveCfg = Debug|Any CPU
		{EFDB0562-F690-F8D0-FF3F-62757126FD2A}.Debug|Any CPU.Build.0 = Debug|Any CPU
		{EFDB0562-F690-F8D0-FF3F-62757126FD2A}.Release|Any CPU.ActiveCfg = Release|Any CPU
		{EFDB0562-F690-F8D0-FF3F-62757126FD2A}.Release|Any CPU.Build.0 = Release|Any CPU
		{6825A638-7F0E-9B42-A384-17867744C3A0}.Debug|Any CPU.ActiveCfg = Debug|Any CPU
		{6825A638-7F0E-9B42-A384-17867744C3A0}.Debug|Any CPU.Build.0 = Debug|Any CPU
		{6825A638-7F0E-9B42-A384-17867744C3A0}.Release|Any CPU.ActiveCfg = Release|Any CPU
		{6825A638-7F0E-9B42-A384-17867744C3A0}.Release|Any CPU.Build.0 = Release|Any CPU
		{247A79B9-8E31-2DDA-B074-9B30E889D8B2}.Debug|Any CPU.ActiveCfg = Debug|Any CPU
		{247A79B9-8E31-2DDA-B074-9B30E889D8B2}.Debug|Any CPU.Build.0 = Debug|Any CPU
		{247A79B9-8E31-2DDA-B074-9B30E889D8B2}.Release|Any CPU.ActiveCfg = Release|Any CPU
		{247A79B9-8E31-2DDA-B074-9B30E889D8B2}.Release|Any CPU.Build.0 = Release|Any CPU
		{1782ADD2-4600-D2BE-F558-AAF10988B26F}.Debug|Any CPU.ActiveCfg = Debug|Any CPU
		{1782ADD2-4600-D2BE-F558-AAF10988B26F}.Debug|Any CPU.Build.0 = Debug|Any CPU
		{1782ADD2-4600-D2BE-F558-AAF10988B26F}.Release|Any CPU.ActiveCfg = Release|Any CPU
		{1782ADD2-4600-D2BE-F558-AAF10988B26F}.Release|Any CPU.Build.0 = Release|Any CPU
		{95219393-3276-9EF9-B2A2-14D0D1377D54}.Debug|Any CPU.ActiveCfg = Debug|Any CPU
		{95219393-3276-9EF9-B2A2-14D0D1377D54}.Debug|Any CPU.Build.0 = Debug|Any CPU
		{95219393-3276-9EF9-B2A2-14D0D1377D54}.Release|Any CPU.ActiveCfg = Release|Any CPU
		{95219393-3276-9EF9-B2A2-14D0D1377D54}.Release|Any CPU.Build.0 = Release|Any CPU
		{E69AA93E-B470-48B7-B76F-DEE9FA1850E1}.Debug|Any CPU.ActiveCfg = Debug|Any CPU
		{E69AA93E-B470-48B7-B76F-DEE9FA1850E1}.Debug|Any CPU.Build.0 = Debug|Any CPU
		{E69AA93E-B470-48B7-B76F-DEE9FA1850E1}.Release|Any CPU.ActiveCfg = Release|Any CPU
		{E69AA93E-B470-48B7-B76F-DEE9FA1850E1}.Release|Any CPU.Build.0 = Release|Any CPU
	EndGlobalSection
	GlobalSection(SolutionProperties) = preSolution
		HideSolutionNode = FALSE
	EndGlobalSection
	GlobalSection(ExtensibilityGlobals) = postSolution
		SolutionGuid = {90BEDD2F-C142-434A-BCB4-ECC7BBE4C28F}
	EndGlobalSection
EndGlobal
